
Microsoft Visual Studio Solution File, Format Version 12.00
# Visual Studio Version 16
VisualStudioVersion = 16.0.31321.278
MinimumVisualStudioVersion = 10.0.40219.1
Project("{FAE04EC0-301F-11D3-BF4B-00C04F79EFBC}") = "WorldWideWalk.Android", "WorldWideWalk.Android\WorldWideWalk.Android.csproj", "{EF7CCC05-BEE0-4CF1-B336-E455CB61C970}"
EndProject
Project("{FAE04EC0-301F-11D3-BF4B-00C04F79EFBC}") = "WorldWideWalk.iOS", "WorldWideWalk.iOS\WorldWideWalk.iOS.csproj", "{1BEECD06-0091-4E5C-B722-5C3E2CA4C412}"
EndProject
Project("{FAE04EC0-301F-11D3-BF4B-00C04F79EFBC}") = "WorldWideWalk", "WorldWideWalk\WorldWideWalk.csproj", "{0E6975A9-91CE-4D84-B93B-C165E7A507B8}"
EndProject
Global
	GlobalSection(SolutionConfigurationPlatforms) = preSolution
		Debug|Any CPU = Debug|Any CPU
		Debug|iPhone = Debug|iPhone
		Debug|iPhoneSimulator = Debug|iPhoneSimulator
		Release|Any CPU = Release|Any CPU
		Release|iPhone = Release|iPhone
		Release|iPhoneSimulator = Release|iPhoneSimulator
	EndGlobalSection
	GlobalSection(ProjectConfigurationPlatforms) = postSolution
		{EF7CCC05-BEE0-4CF1-B336-E455CB61C970}.Debug|Any CPU.ActiveCfg = Debug|Any CPU
		{EF7CCC05-BEE0-4CF1-B336-E455CB61C970}.Debug|Any CPU.Build.0 = Debug|Any CPU
		{EF7CCC05-BEE0-4CF1-B336-E455CB61C970}.Debug|Any CPU.Deploy.0 = Debug|Any CPU
		{EF7CCC05-BEE0-4CF1-B336-E455CB61C970}.Debug|iPhone.ActiveCfg = Debug|Any CPU
		{EF7CCC05-BEE0-4CF1-B336-E455CB61C970}.Debug|iPhone.Build.0 = Debug|Any CPU
		{EF7CCC05-BEE0-4CF1-B336-E455CB61C970}.Debug|iPhone.Deploy.0 = Debug|Any CPU
		{EF7CCC05-BEE0-4CF1-B336-E455CB61C970}.Debug|iPhoneSimulator.ActiveCfg = Debug|Any CPU
		{EF7CCC05-BEE0-4CF1-B336-E455CB61C970}.Debug|iPhoneSimulator.Build.0 = Debug|Any CPU
		{EF7CCC05-BEE0-4CF1-B336-E455CB61C970}.Debug|iPhoneSimulator.Deploy.0 = Debug|Any CPU
		{EF7CCC05-BEE0-4CF1-B336-E455CB61C970}.Release|Any CPU.ActiveCfg = Release|Any CPU
		{EF7CCC05-BEE0-4CF1-B336-E455CB61C970}.Release|Any CPU.Build.0 = Release|Any CPU
		{EF7CCC05-BEE0-4CF1-B336-E455CB61C970}.Release|Any CPU.Deploy.0 = Release|Any CPU
		{EF7CCC05-BEE0-4CF1-B336-E455CB61C970}.Release|iPhone.ActiveCfg = Release|Any CPU
		{EF7CCC05-BEE0-4CF1-B336-E455CB61C970}.Release|iPhone.Build.0 = Release|Any CPU
		{EF7CCC05-BEE0-4CF1-B336-E455CB61C970}.Release|iPhone.Deploy.0 = Release|Any CPU
		{EF7CCC05-BEE0-4CF1-B336-E455CB61C970}.Release|iPhoneSimulator.ActiveCfg = Release|Any CPU
		{EF7CCC05-BEE0-4CF1-B336-E455CB61C970}.Release|iPhoneSimulator.Build.0 = Release|Any CPU
		{EF7CCC05-BEE0-4CF1-B336-E455CB61C970}.Release|iPhoneSimulator.Deploy.0 = Release|Any CPU
		{1BEECD06-0091-4E5C-B722-5C3E2CA4C412}.Debug|Any CPU.ActiveCfg = Debug|iPhone
		{1BEECD06-0091-4E5C-B722-5C3E2CA4C412}.Debug|Any CPU.Build.0 = Debug|iPhone
		{1BEECD06-0091-4E5C-B722-5C3E2CA4C412}.Debug|Any CPU.Deploy.0 = Debug|iPhone
		{1BEECD06-0091-4E5C-B722-5C3E2CA4C412}.Debug|iPhone.ActiveCfg = Debug|iPhone
		{1BEECD06-0091-4E5C-B722-5C3E2CA4C412}.Debug|iPhone.Build.0 = Debug|iPhone
		{1BEECD06-0091-4E5C-B722-5C3E2CA4C412}.Debug|iPhone.Deploy.0 = Debug|iPhone
		{1BEECD06-0091-4E5C-B722-5C3E2CA4C412}.Debug|iPhoneSimulator.ActiveCfg = Debug|iPhoneSimulator
		{1BEECD06-0091-4E5C-B722-5C3E2CA4C412}.Debug|iPhoneSimulator.Build.0 = Debug|iPhoneSimulator
		{1BEECD06-0091-4E5C-B722-5C3E2CA4C412}.Debug|iPhoneSimulator.Deploy.0 = Debug|iPhoneSimulator
		{1BEECD06-0091-4E5C-B722-5C3E2CA4C412}.Release|Any CPU.ActiveCfg = Release|iPhoneSimulator
		{1BEECD06-0091-4E5C-B722-5C3E2CA4C412}.Release|Any CPU.Build.0 = Release|iPhoneSimulator
		{1BEECD06-0091-4E5C-B722-5C3E2CA4C412}.Release|Any CPU.Deploy.0 = Release|iPhoneSimulator
		{1BEECD06-0091-4E5C-B722-5C3E2CA4C412}.Release|iPhone.ActiveCfg = Release|iPhone
		{1BEECD06-0091-4E5C-B722-5C3E2CA4C412}.Release|iPhone.Build.0 = Release|iPhone
		{1BEECD06-0091-4E5C-B722-5C3E2CA4C412}.Release|iPhone.Deploy.0 = Release|iPhone
		{1BEECD06-0091-4E5C-B722-5C3E2CA4C412}.Release|iPhoneSimulator.ActiveCfg = Release|iPhoneSimulator
		{1BEECD06-0091-4E5C-B722-5C3E2CA4C412}.Release|iPhoneSimulator.Build.0 = Release|iPhoneSimulator
		{1BEECD06-0091-4E5C-B722-5C3E2CA4C412}.Release|iPhoneSimulator.Deploy.0 = Release|iPhoneSimulator
		{0E6975A9-91CE-4D84-B93B-C165E7A507B8}.Debug|Any CPU.ActiveCfg = Debug|Any CPU
		{0E6975A9-91CE-4D84-B93B-C165E7A507B8}.Debug|Any CPU.Build.0 = Debug|Any CPU
		{0E6975A9-91CE-4D84-B93B-C165E7A507B8}.Debug|Any CPU.Deploy.0 = Debug|Any CPU
		{0E6975A9-91CE-4D84-B93B-C165E7A507B8}.Debug|iPhone.ActiveCfg = Debug|Any CPU
		{0E6975A9-91CE-4D84-B93B-C165E7A507B8}.Debug|iPhone.Build.0 = Debug|Any CPU
		{0E6975A9-91CE-4D84-B93B-C165E7A507B8}.Debug|iPhone.Deploy.0 = Debug|Any CPU
		{0E6975A9-91CE-4D84-B93B-C165E7A507B8}.Debug|iPhoneSimulator.ActiveCfg = Debug|Any CPU
		{0E6975A9-91CE-4D84-B93B-C165E7A507B8}.Debug|iPhoneSimulator.Build.0 = Debug|Any CPU
		{0E6975A9-91CE-4D84-B93B-C165E7A507B8}.Debug|iPhoneSimulator.Deploy.0 = Debug|Any CPU
		{0E6975A9-91CE-4D84-B93B-C165E7A507B8}.Release|Any CPU.ActiveCfg = Release|Any CPU
		{0E6975A9-91CE-4D84-B93B-C165E7A507B8}.Release|Any CPU.Build.0 = Release|Any CPU
		{0E6975A9-91CE-4D84-B93B-C165E7A507B8}.Release|Any CPU.Deploy.0 = Release|Any CPU
		{0E6975A9-91CE-4D84-B93B-C165E7A507B8}.Release|iPhone.ActiveCfg = Release|Any CPU
		{0E6975A9-91CE-4D84-B93B-C165E7A507B8}.Release|iPhone.Build.0 = Release|Any CPU
		{0E6975A9-91CE-4D84-B93B-C165E7A507B8}.Release|iPhone.Deploy.0 = Release|Any CPU
		{0E6975A9-91CE-4D84-B93B-C165E7A507B8}.Release|iPhoneSimulator.ActiveCfg = Release|Any CPU
		{0E6975A9-91CE-4D84-B93B-C165E7A507B8}.Release|iPhoneSimulator.Build.0 = Release|Any CPU
		{0E6975A9-91CE-4D84-B93B-C165E7A507B8}.Release|iPhoneSimulator.Deploy.0 = Release|Any CPU
	EndGlobalSection
	GlobalSection(SolutionProperties) = preSolution
		HideSolutionNode = FALSE
	EndGlobalSection
	GlobalSection(ExtensibilityGlobals) = postSolution
		SolutionGuid = {85575B05-38C4-4EA1-B050-B9F50D3FBBCC}
	EndGlobalSection
EndGlobal
